
Microsoft Visual Studio Solution File, Format Version 11.00
# Visual Studio 2010
Project("{FAE04EC0-301F-11D3-BF4B-00C04F79EFBC}") = "Advanced War", "Assembly-CSharp.csproj", "{8FC74B9B-877D-0CA7-4686-F7937A64528F}"
EndProject
Project("{FAE04EC0-301F-11D3-BF4B-00C04F79EFBC}") = "Advanced War", "Assembly-CSharp-Editor.csproj", "{6965A5C3-E198-3CFD-3C80-FEE5A32C6FB4}"
EndProject
Global
	GlobalSection(SolutionConfigurationPlatforms) = preSolution
		Debug|Any CPU = Debug|Any CPU
		Release|Any CPU = Release|Any CPU
	EndGlobalSection
	GlobalSection(ProjectConfigurationPlatforms) = postSolution
		{8FC74B9B-877D-0CA7-4686-F7937A64528F}.Debug|Any CPU.ActiveCfg = Debug|Any CPU
		{8FC74B9B-877D-0CA7-4686-F7937A64528F}.Debug|Any CPU.Build.0 = Debug|Any CPU
		{8FC74B9B-877D-0CA7-4686-F7937A64528F}.Release|Any CPU.ActiveCfg = Release|Any CPU
		{8FC74B9B-877D-0CA7-4686-F7937A64528F}.Release|Any CPU.Build.0 = Release|Any CPU
		{6965A5C3-E198-3CFD-3C80-FEE5A32C6FB4}.Debug|Any CPU.ActiveCfg = Debug|Any CPU
		{6965A5C3-E198-3CFD-3C80-FEE5A32C6FB4}.Debug|Any CPU.Build.0 = Debug|Any CPU
		{6965A5C3-E198-3CFD-3C80-FEE5A32C6FB4}.Release|Any CPU.ActiveCfg = Release|Any CPU
		{6965A5C3-E198-3CFD-3C80-FEE5A32C6FB4}.Release|Any CPU.Build.0 = Release|Any CPU
	EndGlobalSection
	GlobalSection(SolutionProperties) = preSolution
		HideSolutionNode = FALSE
	EndGlobalSection
	GlobalSection(MonoDevelopProperties) = preSolution
		StartupItem = Assembly-CSharp.csproj
	EndGlobalSection
EndGlobal
