
Microsoft Visual Studio Solution File, Format Version 11.00
# Visual Studio 2010
Project("{FAE04EC0-301F-11D3-BF4B-00C04F79EFBC}") = "TieuLuan01", "Assembly-CSharp.csproj", "{C775F43C-4D97-58CA-4511-F0C776413785}"
EndProject
Global
	GlobalSection(SolutionConfigurationPlatforms) = preSolution
		Debug|Any CPU = Debug|Any CPU
		Release|Any CPU = Release|Any CPU
	EndGlobalSection
	GlobalSection(ProjectConfigurationPlatforms) = postSolution
		{C775F43C-4D97-58CA-4511-F0C776413785}.Debug|Any CPU.ActiveCfg = Debug|Any CPU
		{C775F43C-4D97-58CA-4511-F0C776413785}.Debug|Any CPU.Build.0 = Debug|Any CPU
		{C775F43C-4D97-58CA-4511-F0C776413785}.Release|Any CPU.ActiveCfg = Release|Any CPU
		{C775F43C-4D97-58CA-4511-F0C776413785}.Release|Any CPU.Build.0 = Release|Any CPU
	EndGlobalSection
	GlobalSection(SolutionProperties) = preSolution
		HideSolutionNode = FALSE
	EndGlobalSection
	GlobalSection(MonoDevelopProperties) = preSolution
		StartupItem = Assembly-CSharp.csproj
	EndGlobalSection
EndGlobal
